// !$*UTF8*$!
{
	archiveVersion = 1;
	classes = {
	};
	objectVersion = 56;
	objects = {

/* Begin PBXBuildFile section */
		D007BDCC2A1D4B5D00FE7D50 /* LavenderApp.swift in Sources */ = {isa = PBXBuildFile; fileRef = D007BDCB2A1D4B5D00FE7D50 /* LavenderApp.swift */; };
		D007BDCE2A1D4B5D00FE7D50 /* ContentView.swift in Sources */ = {isa = PBXBuildFile; fileRef = D007BDCD2A1D4B5D00FE7D50 /* ContentView.swift */; };
		D007BDD02A1D4B5E00FE7D50 /* Assets.xcassets in Resources */ = {isa = PBXBuildFile; fileRef = D007BDCF2A1D4B5E00FE7D50 /* Assets.xcassets */; };
		D007BDD42A1D4B5E00FE7D50 /* Preview Assets.xcassets in Resources */ = {isa = PBXBuildFile; fileRef = D007BDD32A1D4B5E00FE7D50 /* Preview Assets.xcassets */; };
		D007BDDD2A1DAC4D00FE7D50 /* MainView.swift in Sources */ = {isa = PBXBuildFile; fileRef = D007BDDC2A1DAC4D00FE7D50 /* MainView.swift */; };
		D007BDDF2A1E802E00FE7D50 /* GoogleService-Info.plist in Resources */ = {isa = PBXBuildFile; fileRef = D007BDDE2A1E802E00FE7D50 /* GoogleService-Info.plist */; };
		D007BDE32A1E80D300FE7D50 /* FirebaseAuth in Frameworks */ = {isa = PBXBuildFile; productRef = D007BDE22A1E80D300FE7D50 /* FirebaseAuth */; };
		D048DEF02A1FC32A0042A445 /* PetView.swift in Sources */ = {isa = PBXBuildFile; fileRef = D048DEEF2A1FC32A0042A445 /* PetView.swift */; };
		D048DEF22A1FD7FD0042A445 /* CalendarView.swift in Sources */ = {isa = PBXBuildFile; fileRef = D048DEF12A1FD7FD0042A445 /* CalendarView.swift */; };
		D048DEF42A1FFB740042A445 /* FlowerView.swift in Sources */ = {isa = PBXBuildFile; fileRef = D048DEF32A1FFB740042A445 /* FlowerView.swift */; };
		D048DEF72A2065EC0042A445 /* FirebaseFirestore in Frameworks */ = {isa = PBXBuildFile; productRef = D048DEF62A2065EC0042A445 /* FirebaseFirestore */; };
		D048DEFB2A24171C0042A445 /* DataFetcher.swift in Sources */ = {isa = PBXBuildFile; fileRef = D048DEFA2A24171C0042A445 /* DataFetcher.swift */; };
		D0E030E92A26E92A006F780E /* FriendView.swift in Sources */ = {isa = PBXBuildFile; fileRef = D0E030E82A26E92A006F780E /* FriendView.swift */; };
/* End PBXBuildFile section */

/* Begin PBXFileReference section */
		D007BDC82A1D4B5D00FE7D50 /* Lavender.app */ = {isa = PBXFileReference; explicitFileType = wrapper.application; includeInIndex = 0; path = Lavender.app; sourceTree = BUILT_PRODUCTS_DIR; };
		D007BDCB2A1D4B5D00FE7D50 /* LavenderApp.swift */ = {isa = PBXFileReference; lastKnownFileType = sourcecode.swift; path = LavenderApp.swift; sourceTree = "<group>"; };
		D007BDCD2A1D4B5D00FE7D50 /* ContentView.swift */ = {isa = PBXFileReference; lastKnownFileType = sourcecode.swift; path = ContentView.swift; sourceTree = "<group>"; };
		D007BDCF2A1D4B5E00FE7D50 /* Assets.xcassets */ = {isa = PBXFileReference; lastKnownFileType = folder.assetcatalog; path = Assets.xcassets; sourceTree = "<group>"; };
		D007BDD12A1D4B5E00FE7D50 /* Lavender.entitlements */ = {isa = PBXFileReference; lastKnownFileType = text.plist.entitlements; path = Lavender.entitlements; sourceTree = "<group>"; };
		D007BDD32A1D4B5E00FE7D50 /* Preview Assets.xcassets */ = {isa = PBXFileReference; lastKnownFileType = folder.assetcatalog; path = "Preview Assets.xcassets"; sourceTree = "<group>"; };
		D007BDDC2A1DAC4D00FE7D50 /* MainView.swift */ = {isa = PBXFileReference; lastKnownFileType = sourcecode.swift; path = MainView.swift; sourceTree = "<group>"; };
		D007BDDE2A1E802E00FE7D50 /* GoogleService-Info.plist */ = {isa = PBXFileReference; fileEncoding = 4; lastKnownFileType = text.plist.xml; name = "GoogleService-Info.plist"; path = "../../../../../Downloads/GoogleService-Info.plist"; sourceTree = "<group>"; };
		D007BDE02A1E804B00FE7D50 /* GoogleService-Info.plist */ = {isa = PBXFileReference; lastKnownFileType = text.plist.xml; path = "GoogleService-Info.plist"; sourceTree = "<group>"; };
		D048DEEF2A1FC32A0042A445 /* PetView.swift */ = {isa = PBXFileReference; lastKnownFileType = sourcecode.swift; path = PetView.swift; sourceTree = "<group>"; };
		D048DEF12A1FD7FD0042A445 /* CalendarView.swift */ = {isa = PBXFileReference; lastKnownFileType = sourcecode.swift; path = CalendarView.swift; sourceTree = "<group>"; };
		D048DEF32A1FFB740042A445 /* FlowerView.swift */ = {isa = PBXFileReference; lastKnownFileType = sourcecode.swift; path = FlowerView.swift; sourceTree = "<group>"; };
		D048DEFA2A24171C0042A445 /* DataFetcher.swift */ = {isa = PBXFileReference; lastKnownFileType = sourcecode.swift; path = DataFetcher.swift; sourceTree = "<group>"; };
		D0E030E82A26E92A006F780E /* FriendView.swift */ = {isa = PBXFileReference; lastKnownFileType = sourcecode.swift; path = FriendView.swift; sourceTree = "<group>"; };
/* End PBXFileReference section */

/* Begin PBXFrameworksBuildPhase section */
		D007BDC52A1D4B5D00FE7D50 /* Frameworks */ = {
			isa = PBXFrameworksBuildPhase;
			buildActionMask = 2147483647;
			files = (
				D007BDE32A1E80D300FE7D50 /* FirebaseAuth in Frameworks */,
				D048DEF72A2065EC0042A445 /* FirebaseFirestore in Frameworks */,
			);
			runOnlyForDeploymentPostprocessing = 0;
		};
/* End PBXFrameworksBuildPhase section */

/* Begin PBXGroup section */
		D007BDBF2A1D4B5D00FE7D50 = {
			isa = PBXGroup;
			children = (
				D007BDCA2A1D4B5D00FE7D50 /* Lavender */,
				D007BDC92A1D4B5D00FE7D50 /* Products */,
				D048DEF52A2065EC0042A445 /* Frameworks */,
			);
			sourceTree = "<group>";
		};
		D007BDC92A1D4B5D00FE7D50 /* Products */ = {
			isa = PBXGroup;
			children = (
				D007BDC82A1D4B5D00FE7D50 /* Lavender.app */,
			);
			name = Products;
			sourceTree = "<group>";
		};
		D007BDCA2A1D4B5D00FE7D50 /* Lavender */ = {
			isa = PBXGroup;
			children = (
				D007BDCB2A1D4B5D00FE7D50 /* LavenderApp.swift */,
				D007BDCD2A1D4B5D00FE7D50 /* ContentView.swift */,
				D048DEFA2A24171C0042A445 /* DataFetcher.swift */,
				D007BDDC2A1DAC4D00FE7D50 /* MainView.swift */,
				D048DEEF2A1FC32A0042A445 /* PetView.swift */,
				D048DEF32A1FFB740042A445 /* FlowerView.swift */,
				D0E030E82A26E92A006F780E /* FriendView.swift */,
				D048DEF12A1FD7FD0042A445 /* CalendarView.swift */,
				D007BDCF2A1D4B5E00FE7D50 /* Assets.xcassets */,
				D007BDD12A1D4B5E00FE7D50 /* Lavender.entitlements */,
				D007BDE02A1E804B00FE7D50 /* GoogleService-Info.plist */,
				D007BDD22A1D4B5E00FE7D50 /* Preview Content */,
			);
			path = Lavender;
			sourceTree = "<group>";
		};
		D007BDD22A1D4B5E00FE7D50 /* Preview Content */ = {
			isa = PBXGroup;
			children = (
				D007BDDE2A1E802E00FE7D50 /* GoogleService-Info.plist */,
				D007BDD32A1D4B5E00FE7D50 /* Preview Assets.xcassets */,
			);
			path = "Preview Content";
			sourceTree = "<group>";
		};
		D048DEF52A2065EC0042A445 /* Frameworks */ = {
			isa = PBXGroup;
			children = (
			);
			name = Frameworks;
			sourceTree = "<group>";
		};
/* End PBXGroup section */

/* Begin PBXNativeTarget section */
		D007BDC72A1D4B5D00FE7D50 /* Lavender */ = {
			isa = PBXNativeTarget;
			buildConfigurationList = D007BDD72A1D4B5E00FE7D50 /* Build configuration list for PBXNativeTarget "Lavender" */;
			buildPhases = (
				D007BDC42A1D4B5D00FE7D50 /* Sources */,
				D007BDC52A1D4B5D00FE7D50 /* Frameworks */,
				D007BDC62A1D4B5D00FE7D50 /* Resources */,
			);
			buildRules = (
			);
			dependencies = (
			);
			name = Lavender;
			packageProductDependencies = (
				D007BDE22A1E80D300FE7D50 /* FirebaseAuth */,
				D048DEF62A2065EC0042A445 /* FirebaseFirestore */,
			);
			productName = Lavender;
			productReference = D007BDC82A1D4B5D00FE7D50 /* Lavender.app */;
			productType = "com.apple.product-type.application";
		};
/* End PBXNativeTarget section */

/* Begin PBXProject section */
		D007BDC02A1D4B5D00FE7D50 /* Project object */ = {
			isa = PBXProject;
			attributes = {
				BuildIndependentTargetsInParallel = 1;
				LastSwiftUpdateCheck = 1430;
				LastUpgradeCheck = 1430;
				TargetAttributes = {
					D007BDC72A1D4B5D00FE7D50 = {
						CreatedOnToolsVersion = 14.3;
					};
				};
			};
			buildConfigurationList = D007BDC32A1D4B5D00FE7D50 /* Build configuration list for PBXProject "Lavender" */;
			compatibilityVersion = "Xcode 14.0";
			developmentRegion = en;
			hasScannedForEncodings = 0;
			knownRegions = (
				en,
				Base,
			);
			mainGroup = D007BDBF2A1D4B5D00FE7D50;
			packageReferences = (
				D007BDE12A1E80D300FE7D50 /* XCRemoteSwiftPackageReference "firebase-ios-sdk" */,
			);
			productRefGroup = D007BDC92A1D4B5D00FE7D50 /* Products */;
			projectDirPath = "";
			projectRoot = "";
			targets = (
				D007BDC72A1D4B5D00FE7D50 /* Lavender */,
			);
		};
/* End PBXProject section */

/* Begin PBXResourcesBuildPhase section */
		D007BDC62A1D4B5D00FE7D50 /* Resources */ = {
			isa = PBXResourcesBuildPhase;
			buildActionMask = 2147483647;
			files = (
				D007BDD42A1D4B5E00FE7D50 /* Preview Assets.xcassets in Resources */,
				D007BDD02A1D4B5E00FE7D50 /* Assets.xcassets in Resources */,
				D007BDDF2A1E802E00FE7D50 /* GoogleService-Info.plist in Resources */,
			);
			runOnlyForDeploymentPostprocessing = 0;
		};
/* End PBXResourcesBuildPhase section */

/* Begin PBXSourcesBuildPhase section */
		D007BDC42A1D4B5D00FE7D50 /* Sources */ = {
			isa = PBXSourcesBuildPhase;
			buildActionMask = 2147483647;
			files = (
				D048DEF22A1FD7FD0042A445 /* CalendarView.swift in Sources */,
				D048DEFB2A24171C0042A445 /* DataFetcher.swift in Sources */,
				D048DEF42A1FFB740042A445 /* FlowerView.swift in Sources */,
				D007BDCE2A1D4B5D00FE7D50 /* ContentView.swift in Sources */,
				D007BDDD2A1DAC4D00FE7D50 /* MainView.swift in Sources */,
				D007BDCC2A1D4B5D00FE7D50 /* LavenderApp.swift in Sources */,
				D0E030E92A26E92A006F780E /* FriendView.swift in Sources */,
				D048DEF02A1FC32A0042A445 /* PetView.swift in Sources */,
			);
			runOnlyForDeploymentPostprocessing = 0;
		};
/* End PBXSourcesBuildPhase section */

/* Begin XCBuildConfiguration section */
		D007BDD52A1D4B5E00FE7D50 /* Debug */ = {
			isa = XCBuildConfiguration;
			buildSettings = {
				ALWAYS_SEARCH_USER_PATHS = NO;
				CLANG_ANALYZER_NONNULL = YES;
				CLANG_ANALYZER_NUMBER_OBJECT_CONVERSION = YES_AGGRESSIVE;
				CLANG_CXX_LANGUAGE_STANDARD = "gnu++20";
				CLANG_ENABLE_MODULES = YES;
				CLANG_ENABLE_OBJC_ARC = YES;
				CLANG_ENABLE_OBJC_WEAK = YES;
				CLANG_WARN_BLOCK_CAPTURE_AUTORELEASING = YES;
				CLANG_WARN_BOOL_CONVERSION = YES;
				CLANG_WARN_COMMA = YES;
				CLANG_WARN_CONSTANT_CONVERSION = YES;
				CLANG_WARN_DEPRECATED_OBJC_IMPLEMENTATIONS = YES;
				CLANG_WARN_DIRECT_OBJC_ISA_USAGE = YES_ERROR;
				CLANG_WARN_DOCUMENTATION_COMMENTS = YES;
				CLANG_WARN_EMPTY_BODY = YES;
				CLANG_WARN_ENUM_CONVERSION = YES;
				CLANG_WARN_INFINITE_RECURSION = YES;
				CLANG_WARN_INT_CONVERSION = YES;
				CLANG_WARN_NON_LITERAL_NULL_CONVERSION = YES;
				CLANG_WARN_OBJC_IMPLICIT_RETAIN_SELF = YES;
				CLANG_WARN_OBJC_LITERAL_CONVERSION = YES;
				CLANG_WARN_OBJC_ROOT_CLASS = YES_ERROR;
				CLANG_WARN_QUOTED_INCLUDE_IN_FRAMEWORK_HEADER = YES;
				CLANG_WARN_RANGE_LOOP_ANALYSIS = YES;
				CLANG_WARN_STRICT_PROTOTYPES = YES;
				CLANG_WARN_SUSPICIOUS_MOVE = YES;
				CLANG_WARN_UNGUARDED_AVAILABILITY = YES_AGGRESSIVE;
				CLANG_WARN_UNREACHABLE_CODE = YES;
				CLANG_WARN__DUPLICATE_METHOD_MATCH = YES;
				COPY_PHASE_STRIP = NO;
				DEBUG_INFORMATION_FORMAT = dwarf;
				ENABLE_STRICT_OBJC_MSGSEND = YES;
				ENABLE_TESTABILITY = YES;
				GCC_C_LANGUAGE_STANDARD = gnu11;
				GCC_DYNAMIC_NO_PIC = NO;
				GCC_NO_COMMON_BLOCKS = YES;
				GCC_OPTIMIZATION_LEVEL = 0;
				GCC_PREPROCESSOR_DEFINITIONS = (
					"DEBUG=1",
					"$(inherited)",
				);
				GCC_WARN_64_TO_32_BIT_CONVERSION = YES;
				GCC_WARN_ABOUT_RETURN_TYPE = YES_ERROR;
				GCC_WARN_UNDECLARED_SELECTOR = YES;
				GCC_WARN_UNINITIALIZED_AUTOS = YES_AGGRESSIVE;
				GCC_WARN_UNUSED_FUNCTION = YES;
				GCC_WARN_UNUSED_VARIABLE = YES;
				MTL_ENABLE_DEBUG_INFO = INCLUDE_SOURCE;
				MTL_FAST_MATH = YES;
				ONLY_ACTIVE_ARCH = YES;
				SWIFT_ACTIVE_COMPILATION_CONDITIONS = DEBUG;
				SWIFT_OPTIMIZATION_LEVEL = "-Onone";
			};
			name = Debug;
		};
		D007BDD62A1D4B5E00FE7D50 /* Release */ = {
			isa = XCBuildConfiguration;
			buildSettings = {
				ALWAYS_SEARCH_USER_PATHS = NO;
				CLANG_ANALYZER_NONNULL = YES;
				CLANG_ANALYZER_NUMBER_OBJECT_CONVERSION = YES_AGGRESSIVE;
				CLANG_CXX_LANGUAGE_STANDARD = "gnu++20";
				CLANG_ENABLE_MODULES = YES;
				CLANG_ENABLE_OBJC_ARC = YES;
				CLANG_ENABLE_OBJC_WEAK = YES;
				CLANG_WARN_BLOCK_CAPTURE_AUTORELEASING = YES;
				CLANG_WARN_BOOL_CONVERSION = YES;
				CLANG_WARN_COMMA = YES;
				CLANG_WARN_CONSTANT_CONVERSION = YES;
				CLANG_WARN_DEPRECATED_OBJC_IMPLEMENTATIONS = YES;
				CLANG_WARN_DIRECT_OBJC_ISA_USAGE = YES_ERROR;
				CLANG_WARN_DOCUMENTATION_COMMENTS = YES;
				CLANG_WARN_EMPTY_BODY = YES;
				CLANG_WARN_ENUM_CONVERSION = YES;
				CLANG_WARN_INFINITE_RECURSION = YES;
				CLANG_WARN_INT_CONVERSION = YES;
				CLANG_WARN_NON_LITERAL_NULL_CONVERSION = YES;
				CLANG_WARN_OBJC_IMPLICIT_RETAIN_SELF = YES;
				CLANG_WARN_OBJC_LITERAL_CONVERSION = YES;
				CLANG_WARN_OBJC_ROOT_CLASS = YES_ERROR;
				CLANG_WARN_QUOTED_INCLUDE_IN_FRAMEWORK_HEADER = YES;
				CLANG_WARN_RANGE_LOOP_ANALYSIS = YES;
				CLANG_WARN_STRICT_PROTOTYPES = YES;
				CLANG_WARN_SUSPICIOUS_MOVE = YES;
				CLANG_WARN_UNGUARDED_AVAILABILITY = YES_AGGRESSIVE;
				CLANG_WARN_UNREACHABLE_CODE = YES;
				CLANG_WARN__DUPLICATE_METHOD_MATCH = YES;
				COPY_PHASE_STRIP = NO;
				DEBUG_INFORMATION_FORMAT = "dwarf-with-dsym";
				ENABLE_NS_ASSERTIONS = NO;
				ENABLE_STRICT_OBJC_MSGSEND = YES;
				GCC_C_LANGUAGE_STANDARD = gnu11;
				GCC_NO_COMMON_BLOCKS = YES;
				GCC_WARN_64_TO_32_BIT_CONVERSION = YES;
				GCC_WARN_ABOUT_RETURN_TYPE = YES_ERROR;
				GCC_WARN_UNDECLARED_SELECTOR = YES;
				GCC_WARN_UNINITIALIZED_AUTOS = YES_AGGRESSIVE;
				GCC_WARN_UNUSED_FUNCTION = YES;
				GCC_WARN_UNUSED_VARIABLE = YES;
				MTL_ENABLE_DEBUG_INFO = NO;
				MTL_FAST_MATH = YES;
				SWIFT_COMPILATION_MODE = wholemodule;
				SWIFT_OPTIMIZATION_LEVEL = "-O";
			};
			name = Release;
		};
		D007BDD82A1D4B5E00FE7D50 /* Debug */ = {
			isa = XCBuildConfiguration;
			buildSettings = {
				ASSETCATALOG_COMPILER_APPICON_NAME = AppIcon;
				ASSETCATALOG_COMPILER_GLOBAL_ACCENT_COLOR_NAME = AccentColor;
				CODE_SIGN_ENTITLEMENTS = Lavender/Lavender.entitlements;
				CODE_SIGN_STYLE = Automatic;
				CURRENT_PROJECT_VERSION = 1;
				DEVELOPMENT_ASSET_PATHS = "\"Lavender/Preview Content\"";
				DEVELOPMENT_TEAM = 39XU6XQYN3;
				ENABLE_HARDENED_RUNTIME = YES;
				ENABLE_PREVIEWS = YES;
				GENERATE_INFOPLIST_FILE = YES;
				"INFOPLIST_KEY_UIApplicationSceneManifest_Generation[sdk=iphoneos*]" = YES;
				"INFOPLIST_KEY_UIApplicationSceneManifest_Generation[sdk=iphonesimulator*]" = YES;
				"INFOPLIST_KEY_UIApplicationSupportsIndirectInputEvents[sdk=iphoneos*]" = YES;
				"INFOPLIST_KEY_UIApplicationSupportsIndirectInputEvents[sdk=iphonesimulator*]" = YES;
				"INFOPLIST_KEY_UILaunchScreen_Generation[sdk=iphoneos*]" = YES;
				"INFOPLIST_KEY_UILaunchScreen_Generation[sdk=iphonesimulator*]" = YES;
				"INFOPLIST_KEY_UIStatusBarStyle[sdk=iphoneos*]" = UIStatusBarStyleDefault;
				"INFOPLIST_KEY_UIStatusBarStyle[sdk=iphonesimulator*]" = UIStatusBarStyleDefault;
				INFOPLIST_KEY_UISupportedInterfaceOrientations_iPad = "UIInterfaceOrientationPortrait UIInterfaceOrientationPortraitUpsideDown UIInterfaceOrientationLandscapeLeft UIInterfaceOrientationLandscapeRight";
				INFOPLIST_KEY_UISupportedInterfaceOrientations_iPhone = "UIInterfaceOrientationPortrait UIInterfaceOrientationLandscapeLeft UIInterfaceOrientationLandscapeRight";
				IPHONEOS_DEPLOYMENT_TARGET = 16.4;
				LD_RUNPATH_SEARCH_PATHS = "@executable_path/Frameworks";
				"LD_RUNPATH_SEARCH_PATHS[sdk=macosx*]" = "@executable_path/../Frameworks";
				MACOSX_DEPLOYMENT_TARGET = 13.2;
				MARKETING_VERSION = 1.0;
				PRODUCT_BUNDLE_IDENTIFIER = placeholder.Lavender;
				PRODUCT_NAME = "$(TARGET_NAME)";
				SDKROOT = auto;
				SUPPORTED_PLATFORMS = "iphoneos iphonesimulator macosx";
				SWIFT_EMIT_LOC_STRINGS = YES;
				SWIFT_VERSION = 5.0;
				TARGETED_DEVICE_FAMILY = "1,2";
			};
			name = Debug;
		};
		D007BDD92A1D4B5E00FE7D50 /* Release */ = {
			isa = XCBuildConfiguration;
			buildSettings = {
				ASSETCATALOG_COMPILER_APPICON_NAME = AppIcon;
				ASSETCATALOG_COMPILER_GLOBAL_ACCENT_COLOR_NAME = AccentColor;
				CODE_SIGN_ENTITLEMENTS = Lavender/Lavender.entitlements;
				CODE_SIGN_STYLE = Automatic;
				CURRENT_PROJECT_VERSION = 1;
				DEVELOPMENT_ASSET_PATHS = "\"Lavender/Preview Content\"";
				DEVELOPMENT_TEAM = 39XU6XQYN3;
				ENABLE_HARDENED_RUNTIME = YES;
				ENABLE_PREVIEWS = YES;
				GENERATE_INFOPLIST_FILE = YES;
				"INFOPLIST_KEY_UIApplicationSceneManifest_Generation[sdk=iphoneos*]" = YES;
				"INFOPLIST_KEY_UIApplicationSceneManifest_Generation[sdk=iphonesimulator*]" = YES;
				"INFOPLIST_KEY_UIApplicationSupportsIndirectInputEvents[sdk=iphoneos*]" = YES;
				"INFOPLIST_KEY_UIApplicationSupportsIndirectInputEvents[sdk=iphonesimulator*]" = YES;
				"INFOPLIST_KEY_UILaunchScreen_Generation[sdk=iphoneos*]" = YES;
				"INFOPLIST_KEY_UILaunchScreen_Generation[sdk=iphonesimulator*]" = YES;
				"INFOPLIST_KEY_UIStatusBarStyle[sdk=iphoneos*]" = UIStatusBarStyleDefault;
				"INFOPLIST_KEY_UIStatusBarStyle[sdk=iphonesimulator*]" = UIStatusBarStyleDefault;
				INFOPLIST_KEY_UISupportedInterfaceOrientations_iPad = "UIInterfaceOrientationPortrait UIInterfaceOrientationPortraitUpsideDown UIInterfaceOrientationLandscapeLeft UIInterfaceOrientationLandscapeRight";
				INFOPLIST_KEY_UISupportedInterfaceOrientations_iPhone = "UIInterfaceOrientationPortrait UIInterfaceOrientationLandscapeLeft UIInterfaceOrientationLandscapeRight";
				IPHONEOS_DEPLOYMENT_TARGET = 16.4;
				LD_RUNPATH_SEARCH_PATHS = "@executable_path/Frameworks";
				"LD_RUNPATH_SEARCH_PATHS[sdk=macosx*]" = "@executable_path/../Frameworks";
				MACOSX_DEPLOYMENT_TARGET = 13.2;
				MARKETING_VERSION = 1.0;
				PRODUCT_BUNDLE_IDENTIFIER = placeholder.Lavender;
				PRODUCT_NAME = "$(TARGET_NAME)";
				SDKROOT = auto;
				SUPPORTED_PLATFORMS = "iphoneos iphonesimulator macosx";
				SWIFT_EMIT_LOC_STRINGS = YES;
				SWIFT_VERSION = 5.0;
				TARGETED_DEVICE_FAMILY = "1,2";
			};
			name = Release;
		};
/* End XCBuildConfiguration section */

/* Begin XCConfigurationList section */
		D007BDC32A1D4B5D00FE7D50 /* Build configuration list for PBXProject "Lavender" */ = {
			isa = XCConfigurationList;
			buildConfigurations = (
				D007BDD52A1D4B5E00FE7D50 /* Debug */,
				D007BDD62A1D4B5E00FE7D50 /* Release */,
			);
			defaultConfigurationIsVisible = 0;
			defaultConfigurationName = Release;
		};
		D007BDD72A1D4B5E00FE7D50 /* Build configuration list for PBXNativeTarget "Lavender" */ = {
			isa = XCConfigurationList;
			buildConfigurations = (
				D007BDD82A1D4B5E00FE7D50 /* Debug */,
				D007BDD92A1D4B5E00FE7D50 /* Release */,
			);
			defaultConfigurationIsVisible = 0;
			defaultConfigurationName = Release;
		};
/* End XCConfigurationList section */

/* Begin XCRemoteSwiftPackageReference section */
		D007BDE12A1E80D300FE7D50 /* XCRemoteSwiftPackageReference "firebase-ios-sdk" */ = {
			isa = XCRemoteSwiftPackageReference;
			repositoryURL = "https://github.com/firebase/firebase-ios-sdk";
			requirement = {
				kind = upToNextMajorVersion;
				minimumVersion = 10.0.0;
			};
		};
/* End XCRemoteSwiftPackageReference section */

/* Begin XCSwiftPackageProductDependency section */
		D007BDE22A1E80D300FE7D50 /* FirebaseAuth */ = {
			isa = XCSwiftPackageProductDependency;
			package = D007BDE12A1E80D300FE7D50 /* XCRemoteSwiftPackageReference "firebase-ios-sdk" */;
			productName = FirebaseAuth;
		};
		D048DEF62A2065EC0042A445 /* FirebaseFirestore */ = {
			isa = XCSwiftPackageProductDependency;
			package = D007BDE12A1E80D300FE7D50 /* XCRemoteSwiftPackageReference "firebase-ios-sdk" */;
			productName = FirebaseFirestore;
		};
/* End XCSwiftPackageProductDependency section */
	};
	rootObject = D007BDC02A1D4B5D00FE7D50 /* Project object */;
}
